
Microsoft Visual Studio Solution File, Format Version 12.00
# Visual Studio 15
VisualStudioVersion = 15.0.27004.2009
MinimumVisualStudioVersion = 10.0.40219.1
Project("{FAE04EC0-301F-11D3-BF4B-00C04F79EFBC}") = "Excercise-16", "Excercise-16\Excercise-16.csproj", "{A0736287-922E-49F6-95A2-1A5FA4D76BAF}"
EndProject
Global
	GlobalSection(SolutionConfigurationPlatforms) = preSolution
		Debug|Any CPU = Debug|Any CPU
		Release|Any CPU = Release|Any CPU
	EndGlobalSection
	GlobalSection(ProjectConfigurationPlatforms) = postSolution
		{A0736287-922E-49F6-95A2-1A5FA4D76BAF}.Debug|Any CPU.ActiveCfg = Debug|Any CPU
		{A0736287-922E-49F6-95A2-1A5FA4D76BAF}.Debug|Any CPU.Build.0 = Debug|Any CPU
		{A0736287-922E-49F6-95A2-1A5FA4D76BAF}.Release|Any CPU.ActiveCfg = Release|Any CPU
		{A0736287-922E-49F6-95A2-1A5FA4D76BAF}.Release|Any CPU.Build.0 = Release|Any CPU
	EndGlobalSection
	GlobalSection(SolutionProperties) = preSolution
		HideSolutionNode = FALSE
	EndGlobalSection
	GlobalSection(ExtensibilityGlobals) = postSolution
		SolutionGuid = {74A7BDE8-210C-4016-865B-2B308BC2AAEB}
	EndGlobalSection
EndGlobal
