
Microsoft Visual Studio Solution File, Format Version 12.00
# Visual Studio 15
VisualStudioVersion = 15.0.27004.2009
MinimumVisualStudioVersion = 10.0.40219.1
Project("{FAE04EC0-301F-11D3-BF4B-00C04F79EFBC}") = "List-06", "List-06\List-06.csproj", "{2E17F2D4-7D8C-4D53-B469-F7F52770FF7D}"
EndProject
Global
	GlobalSection(SolutionConfigurationPlatforms) = preSolution
		Debug|Any CPU = Debug|Any CPU
		Release|Any CPU = Release|Any CPU
	EndGlobalSection
	GlobalSection(ProjectConfigurationPlatforms) = postSolution
		{2E17F2D4-7D8C-4D53-B469-F7F52770FF7D}.Debug|Any CPU.ActiveCfg = Debug|Any CPU
		{2E17F2D4-7D8C-4D53-B469-F7F52770FF7D}.Debug|Any CPU.Build.0 = Debug|Any CPU
		{2E17F2D4-7D8C-4D53-B469-F7F52770FF7D}.Release|Any CPU.ActiveCfg = Release|Any CPU
		{2E17F2D4-7D8C-4D53-B469-F7F52770FF7D}.Release|Any CPU.Build.0 = Release|Any CPU
	EndGlobalSection
	GlobalSection(SolutionProperties) = preSolution
		HideSolutionNode = FALSE
	EndGlobalSection
	GlobalSection(ExtensibilityGlobals) = postSolution
		SolutionGuid = {DA007FF9-E14F-4C37-894F-4BFA9252191A}
	EndGlobalSection
EndGlobal
