
Microsoft Visual Studio Solution File, Format Version 12.00
# Visual Studio 15
VisualStudioVersion = 15.0.27004.2009
MinimumVisualStudioVersion = 10.0.40219.1
Project("{FAE04EC0-301F-11D3-BF4B-00C04F79EFBC}") = "Excercise-29", "Excercise-29\Excercise-29.csproj", "{F9253EAA-B7D1-4776-9519-4BF36A7235AA}"
EndProject
Global
	GlobalSection(SolutionConfigurationPlatforms) = preSolution
		Debug|Any CPU = Debug|Any CPU
		Release|Any CPU = Release|Any CPU
	EndGlobalSection
	GlobalSection(ProjectConfigurationPlatforms) = postSolution
		{F9253EAA-B7D1-4776-9519-4BF36A7235AA}.Debug|Any CPU.ActiveCfg = Debug|Any CPU
		{F9253EAA-B7D1-4776-9519-4BF36A7235AA}.Debug|Any CPU.Build.0 = Debug|Any CPU
		{F9253EAA-B7D1-4776-9519-4BF36A7235AA}.Release|Any CPU.ActiveCfg = Release|Any CPU
		{F9253EAA-B7D1-4776-9519-4BF36A7235AA}.Release|Any CPU.Build.0 = Release|Any CPU
	EndGlobalSection
	GlobalSection(SolutionProperties) = preSolution
		HideSolutionNode = FALSE
	EndGlobalSection
	GlobalSection(ExtensibilityGlobals) = postSolution
		SolutionGuid = {F3280F59-D1D0-454B-93A4-B30033508383}
	EndGlobalSection
EndGlobal
