
Microsoft Visual Studio Solution File, Format Version 12.00
# Visual Studio 15
VisualStudioVersion = 15.0.27004.2009
MinimumVisualStudioVersion = 10.0.40219.1
Project("{FAE04EC0-301F-11D3-BF4B-00C04F79EFBC}") = "SumElements", "SumElements\SumElements.csproj", "{165A22D2-2EE9-4D90-A177-9B2283E89E31}"
EndProject
Global
	GlobalSection(SolutionConfigurationPlatforms) = preSolution
		Debug|Any CPU = Debug|Any CPU
		Release|Any CPU = Release|Any CPU
	EndGlobalSection
	GlobalSection(ProjectConfigurationPlatforms) = postSolution
		{165A22D2-2EE9-4D90-A177-9B2283E89E31}.Debug|Any CPU.ActiveCfg = Debug|Any CPU
		{165A22D2-2EE9-4D90-A177-9B2283E89E31}.Debug|Any CPU.Build.0 = Debug|Any CPU
		{165A22D2-2EE9-4D90-A177-9B2283E89E31}.Release|Any CPU.ActiveCfg = Release|Any CPU
		{165A22D2-2EE9-4D90-A177-9B2283E89E31}.Release|Any CPU.Build.0 = Release|Any CPU
	EndGlobalSection
	GlobalSection(SolutionProperties) = preSolution
		HideSolutionNode = FALSE
	EndGlobalSection
	GlobalSection(ExtensibilityGlobals) = postSolution
		SolutionGuid = {A96E7C1C-17BE-4886-A966-4C1C2AC9672C}
	EndGlobalSection
EndGlobal
