
Microsoft Visual Studio Solution File, Format Version 12.00
# Visual Studio 15
VisualStudioVersion = 15.0.27004.2009
MinimumVisualStudioVersion = 10.0.40219.1
Project("{FAE04EC0-301F-11D3-BF4B-00C04F79EFBC}") = "Snowflake", "Snowflake\Snowflake.csproj", "{73AD6333-32FA-4914-850D-D940318EACB7}"
EndProject
Global
	GlobalSection(SolutionConfigurationPlatforms) = preSolution
		Debug|Any CPU = Debug|Any CPU
		Release|Any CPU = Release|Any CPU
	EndGlobalSection
	GlobalSection(ProjectConfigurationPlatforms) = postSolution
		{73AD6333-32FA-4914-850D-D940318EACB7}.Debug|Any CPU.ActiveCfg = Debug|Any CPU
		{73AD6333-32FA-4914-850D-D940318EACB7}.Debug|Any CPU.Build.0 = Debug|Any CPU
		{73AD6333-32FA-4914-850D-D940318EACB7}.Release|Any CPU.ActiveCfg = Release|Any CPU
		{73AD6333-32FA-4914-850D-D940318EACB7}.Release|Any CPU.Build.0 = Release|Any CPU
	EndGlobalSection
	GlobalSection(SolutionProperties) = preSolution
		HideSolutionNode = FALSE
	EndGlobalSection
	GlobalSection(ExtensibilityGlobals) = postSolution
		SolutionGuid = {F6BB0886-D2A4-41DC-98E2-A2B4AC3930A6}
	EndGlobalSection
EndGlobal
