
Microsoft Visual Studio Solution File, Format Version 12.00
# Visual Studio 15
VisualStudioVersion = 15.0.27004.2009
MinimumVisualStudioVersion = 10.0.40219.1
Project("{FAE04EC0-301F-11D3-BF4B-00C04F79EFBC}") = "RainbowBoxes", "RainbowBoxes\RainbowBoxes.csproj", "{21726A2E-2510-4555-A3D4-75D3A9A2FB0F}"
EndProject
Global
	GlobalSection(SolutionConfigurationPlatforms) = preSolution
		Debug|Any CPU = Debug|Any CPU
		Release|Any CPU = Release|Any CPU
	EndGlobalSection
	GlobalSection(ProjectConfigurationPlatforms) = postSolution
		{21726A2E-2510-4555-A3D4-75D3A9A2FB0F}.Debug|Any CPU.ActiveCfg = Debug|Any CPU
		{21726A2E-2510-4555-A3D4-75D3A9A2FB0F}.Debug|Any CPU.Build.0 = Debug|Any CPU
		{21726A2E-2510-4555-A3D4-75D3A9A2FB0F}.Release|Any CPU.ActiveCfg = Release|Any CPU
		{21726A2E-2510-4555-A3D4-75D3A9A2FB0F}.Release|Any CPU.Build.0 = Release|Any CPU
	EndGlobalSection
	GlobalSection(SolutionProperties) = preSolution
		HideSolutionNode = FALSE
	EndGlobalSection
	GlobalSection(ExtensibilityGlobals) = postSolution
		SolutionGuid = {4C18EE20-F15A-46AC-8497-789C198639F7}
	EndGlobalSection
EndGlobal
