
Microsoft Visual Studio Solution File, Format Version 12.00
# Visual Studio 15
VisualStudioVersion = 15.0.27004.2009
MinimumVisualStudioVersion = 10.0.40219.1
Project("{FAE04EC0-301F-11D3-BF4B-00C04F79EFBC}") = "QuoteSwap", "QuoteSwap\QuoteSwap.csproj", "{19E38618-E39D-4B17-89AF-DFF671E68CC6}"
EndProject
Global
	GlobalSection(SolutionConfigurationPlatforms) = preSolution
		Debug|Any CPU = Debug|Any CPU
		Release|Any CPU = Release|Any CPU
	EndGlobalSection
	GlobalSection(ProjectConfigurationPlatforms) = postSolution
		{19E38618-E39D-4B17-89AF-DFF671E68CC6}.Debug|Any CPU.ActiveCfg = Debug|Any CPU
		{19E38618-E39D-4B17-89AF-DFF671E68CC6}.Debug|Any CPU.Build.0 = Debug|Any CPU
		{19E38618-E39D-4B17-89AF-DFF671E68CC6}.Release|Any CPU.ActiveCfg = Release|Any CPU
		{19E38618-E39D-4B17-89AF-DFF671E68CC6}.Release|Any CPU.Build.0 = Release|Any CPU
	EndGlobalSection
	GlobalSection(SolutionProperties) = preSolution
		HideSolutionNode = FALSE
	EndGlobalSection
	GlobalSection(ExtensibilityGlobals) = postSolution
		SolutionGuid = {55A58546-0001-45E4-AD4B-18DFEE4E8F03}
	EndGlobalSection
EndGlobal
