
Microsoft Visual Studio Solution File, Format Version 12.00
# Visual Studio 15
VisualStudioVersion = 15.0.27004.2009
MinimumVisualStudioVersion = 10.0.40219.1
Project("{FAE04EC0-301F-11D3-BF4B-00C04F79EFBC}") = "Colors", "Colors\Colors.csproj", "{49ECBF61-CB51-41A5-A666-6FE66262FD30}"
EndProject
Global
	GlobalSection(SolutionConfigurationPlatforms) = preSolution
		Debug|Any CPU = Debug|Any CPU
		Release|Any CPU = Release|Any CPU
	EndGlobalSection
	GlobalSection(ProjectConfigurationPlatforms) = postSolution
		{49ECBF61-CB51-41A5-A666-6FE66262FD30}.Debug|Any CPU.ActiveCfg = Debug|Any CPU
		{49ECBF61-CB51-41A5-A666-6FE66262FD30}.Debug|Any CPU.Build.0 = Debug|Any CPU
		{49ECBF61-CB51-41A5-A666-6FE66262FD30}.Release|Any CPU.ActiveCfg = Release|Any CPU
		{49ECBF61-CB51-41A5-A666-6FE66262FD30}.Release|Any CPU.Build.0 = Release|Any CPU
	EndGlobalSection
	GlobalSection(SolutionProperties) = preSolution
		HideSolutionNode = FALSE
	EndGlobalSection
	GlobalSection(ExtensibilityGlobals) = postSolution
		SolutionGuid = {255521CF-14B5-4B43-897A-C1DA64141D80}
	EndGlobalSection
EndGlobal
