
Microsoft Visual Studio Solution File, Format Version 12.00
# Visual Studio 15
VisualStudioVersion = 15.0.27004.2009
MinimumVisualStudioVersion = 10.0.40219.1
Project("{FAE04EC0-301F-11D3-BF4B-00C04F79EFBC}") = "FourRectangles", "FourRectangles\FourRectangles.csproj", "{A5F49440-9828-425A-81C7-AEDB69176F74}"
EndProject
Global
	GlobalSection(SolutionConfigurationPlatforms) = preSolution
		Debug|Any CPU = Debug|Any CPU
		Release|Any CPU = Release|Any CPU
	EndGlobalSection
	GlobalSection(ProjectConfigurationPlatforms) = postSolution
		{A5F49440-9828-425A-81C7-AEDB69176F74}.Debug|Any CPU.ActiveCfg = Debug|Any CPU
		{A5F49440-9828-425A-81C7-AEDB69176F74}.Debug|Any CPU.Build.0 = Debug|Any CPU
		{A5F49440-9828-425A-81C7-AEDB69176F74}.Release|Any CPU.ActiveCfg = Release|Any CPU
		{A5F49440-9828-425A-81C7-AEDB69176F74}.Release|Any CPU.Build.0 = Release|Any CPU
	EndGlobalSection
	GlobalSection(SolutionProperties) = preSolution
		HideSolutionNode = FALSE
	EndGlobalSection
	GlobalSection(ExtensibilityGlobals) = postSolution
		SolutionGuid = {CE05148F-F7FF-431C-9F2F-4ACB40150BDC}
	EndGlobalSection
EndGlobal
