
Microsoft Visual Studio Solution File, Format Version 12.00
# Visual Studio 15
VisualStudioVersion = 15.0.27004.2009
MinimumVisualStudioVersion = 10.0.40219.1
Project("{9A19103F-16F7-4668-BE54-9A1E7A4F7556}") = "GreetSomeone", "GreetSomeone\GreetSomeone.csproj", "{674E0A68-52B3-4693-986B-857E88EE8E17}"
EndProject
Global
	GlobalSection(SolutionConfigurationPlatforms) = preSolution
		Debug|Any CPU = Debug|Any CPU
		Release|Any CPU = Release|Any CPU
	EndGlobalSection
	GlobalSection(ProjectConfigurationPlatforms) = postSolution
		{674E0A68-52B3-4693-986B-857E88EE8E17}.Debug|Any CPU.ActiveCfg = Debug|Any CPU
		{674E0A68-52B3-4693-986B-857E88EE8E17}.Debug|Any CPU.Build.0 = Debug|Any CPU
		{674E0A68-52B3-4693-986B-857E88EE8E17}.Release|Any CPU.ActiveCfg = Release|Any CPU
		{674E0A68-52B3-4693-986B-857E88EE8E17}.Release|Any CPU.Build.0 = Release|Any CPU
	EndGlobalSection
	GlobalSection(SolutionProperties) = preSolution
		HideSolutionNode = FALSE
	EndGlobalSection
	GlobalSection(ExtensibilityGlobals) = postSolution
		SolutionGuid = {7246844B-7024-4CE6-8279-D5DE8D5D5ED0}
	EndGlobalSection
EndGlobal
