
Microsoft Visual Studio Solution File, Format Version 12.00
# Visual Studio 15
VisualStudioVersion = 15.0.27004.2009
MinimumVisualStudioVersion = 10.0.40219.1
Project("{FAE04EC0-301F-11D3-BF4B-00C04F79EFBC}") = "GoToCenter", "GoToCenter\GoToCenter.csproj", "{E20F1757-649B-47B7-8E67-009C30E10568}"
EndProject
Global
	GlobalSection(SolutionConfigurationPlatforms) = preSolution
		Debug|Any CPU = Debug|Any CPU
		Release|Any CPU = Release|Any CPU
	EndGlobalSection
	GlobalSection(ProjectConfigurationPlatforms) = postSolution
		{E20F1757-649B-47B7-8E67-009C30E10568}.Debug|Any CPU.ActiveCfg = Debug|Any CPU
		{E20F1757-649B-47B7-8E67-009C30E10568}.Debug|Any CPU.Build.0 = Debug|Any CPU
		{E20F1757-649B-47B7-8E67-009C30E10568}.Release|Any CPU.ActiveCfg = Release|Any CPU
		{E20F1757-649B-47B7-8E67-009C30E10568}.Release|Any CPU.Build.0 = Release|Any CPU
	EndGlobalSection
	GlobalSection(SolutionProperties) = preSolution
		HideSolutionNode = FALSE
	EndGlobalSection
	GlobalSection(ExtensibilityGlobals) = postSolution
		SolutionGuid = {DE9DA112-64F3-48FD-BCFB-F4BD3F7B4FD0}
	EndGlobalSection
EndGlobal
