
Microsoft Visual Studio Solution File, Format Version 12.00
# Visual Studio 15
VisualStudioVersion = 15.0.27004.2009
MinimumVisualStudioVersion = 10.0.40219.1
Project("{FAE04EC0-301F-11D3-BF4B-00C04F79EFBC}") = "List-01", "List-01\List-01.csproj", "{97E73347-EB71-4296-BAEA-C7176EC9A84A}"
EndProject
Global
	GlobalSection(SolutionConfigurationPlatforms) = preSolution
		Debug|Any CPU = Debug|Any CPU
		Release|Any CPU = Release|Any CPU
	EndGlobalSection
	GlobalSection(ProjectConfigurationPlatforms) = postSolution
		{97E73347-EB71-4296-BAEA-C7176EC9A84A}.Debug|Any CPU.ActiveCfg = Debug|Any CPU
		{97E73347-EB71-4296-BAEA-C7176EC9A84A}.Debug|Any CPU.Build.0 = Debug|Any CPU
		{97E73347-EB71-4296-BAEA-C7176EC9A84A}.Release|Any CPU.ActiveCfg = Release|Any CPU
		{97E73347-EB71-4296-BAEA-C7176EC9A84A}.Release|Any CPU.Build.0 = Release|Any CPU
	EndGlobalSection
	GlobalSection(SolutionProperties) = preSolution
		HideSolutionNode = FALSE
	EndGlobalSection
	GlobalSection(ExtensibilityGlobals) = postSolution
		SolutionGuid = {0E228C43-121D-43CC-A76C-7609BE2547C1}
	EndGlobalSection
EndGlobal
