
Microsoft Visual Studio Solution File, Format Version 12.00
# Visual Studio 15
VisualStudioVersion = 15.0.27004.2009
MinimumVisualStudioVersion = 10.0.40219.1
Project("{FAE04EC0-301F-11D3-BF4B-00C04F79EFBC}") = "PrintAll", "PrintAll\PrintAll.csproj", "{43D5A39E-71B5-4CCA-BDBD-545E875029B9}"
EndProject
Global
	GlobalSection(SolutionConfigurationPlatforms) = preSolution
		Debug|Any CPU = Debug|Any CPU
		Release|Any CPU = Release|Any CPU
	EndGlobalSection
	GlobalSection(ProjectConfigurationPlatforms) = postSolution
		{43D5A39E-71B5-4CCA-BDBD-545E875029B9}.Debug|Any CPU.ActiveCfg = Debug|Any CPU
		{43D5A39E-71B5-4CCA-BDBD-545E875029B9}.Debug|Any CPU.Build.0 = Debug|Any CPU
		{43D5A39E-71B5-4CCA-BDBD-545E875029B9}.Release|Any CPU.ActiveCfg = Release|Any CPU
		{43D5A39E-71B5-4CCA-BDBD-545E875029B9}.Release|Any CPU.Build.0 = Release|Any CPU
	EndGlobalSection
	GlobalSection(SolutionProperties) = preSolution
		HideSolutionNode = FALSE
	EndGlobalSection
	GlobalSection(ExtensibilityGlobals) = postSolution
		SolutionGuid = {68D5F82C-8FD3-4C59-93D0-56DC76C94A7C}
	EndGlobalSection
EndGlobal
