
Microsoft Visual Studio Solution File, Format Version 12.00
# Visual Studio 15
VisualStudioVersion = 15.0.27004.2009
MinimumVisualStudioVersion = 10.0.40219.1
Project("{FAE04EC0-301F-11D3-BF4B-00C04F79EFBC}") = "FavoriteNumber", "FavoriteNumber\FavoriteNumber.csproj", "{8B24E627-4FF8-4506-AFB8-E3B32357E8D1}"
EndProject
Global
	GlobalSection(SolutionConfigurationPlatforms) = preSolution
		Debug|Any CPU = Debug|Any CPU
		Release|Any CPU = Release|Any CPU
	EndGlobalSection
	GlobalSection(ProjectConfigurationPlatforms) = postSolution
		{8B24E627-4FF8-4506-AFB8-E3B32357E8D1}.Debug|Any CPU.ActiveCfg = Debug|Any CPU
		{8B24E627-4FF8-4506-AFB8-E3B32357E8D1}.Debug|Any CPU.Build.0 = Debug|Any CPU
		{8B24E627-4FF8-4506-AFB8-E3B32357E8D1}.Release|Any CPU.ActiveCfg = Release|Any CPU
		{8B24E627-4FF8-4506-AFB8-E3B32357E8D1}.Release|Any CPU.Build.0 = Release|Any CPU
	EndGlobalSection
	GlobalSection(SolutionProperties) = preSolution
		HideSolutionNode = FALSE
	EndGlobalSection
	GlobalSection(ExtensibilityGlobals) = postSolution
		SolutionGuid = {8BB28D79-1008-4482-9CDA-F770768ECBDF}
	EndGlobalSection
EndGlobal
