
Microsoft Visual Studio Solution File, Format Version 12.00
# Visual Studio 15
VisualStudioVersion = 15.0.27004.2009
MinimumVisualStudioVersion = 10.0.40219.1
Project("{9A19103F-16F7-4668-BE54-9A1E7A4F7556}") = "Demo", "Demo\Demo.csproj", "{BD030508-A8A7-4B52-861A-29F81E62D5E6}"
EndProject
Global
	GlobalSection(SolutionConfigurationPlatforms) = preSolution
		Debug|Any CPU = Debug|Any CPU
		Release|Any CPU = Release|Any CPU
	EndGlobalSection
	GlobalSection(ProjectConfigurationPlatforms) = postSolution
		{BD030508-A8A7-4B52-861A-29F81E62D5E6}.Debug|Any CPU.ActiveCfg = Debug|Any CPU
		{BD030508-A8A7-4B52-861A-29F81E62D5E6}.Debug|Any CPU.Build.0 = Debug|Any CPU
		{BD030508-A8A7-4B52-861A-29F81E62D5E6}.Release|Any CPU.ActiveCfg = Release|Any CPU
		{BD030508-A8A7-4B52-861A-29F81E62D5E6}.Release|Any CPU.Build.0 = Release|Any CPU
	EndGlobalSection
	GlobalSection(SolutionProperties) = preSolution
		HideSolutionNode = FALSE
	EndGlobalSection
	GlobalSection(ExtensibilityGlobals) = postSolution
		SolutionGuid = {0AA0EA3B-E85A-400A-80C4-82765E511491}
	EndGlobalSection
EndGlobal
