
Microsoft Visual Studio Solution File, Format Version 12.00
# Visual Studio 15
VisualStudioVersion = 15.0.27004.2009
MinimumVisualStudioVersion = 10.0.40219.1
Project("{FAE04EC0-301F-11D3-BF4B-00C04F79EFBC}") = "IncrementElement", "IncrementElement\IncrementElement.csproj", "{278662B4-FEA4-4E31-AB62-F5181429D125}"
EndProject
Global
	GlobalSection(SolutionConfigurationPlatforms) = preSolution
		Debug|Any CPU = Debug|Any CPU
		Release|Any CPU = Release|Any CPU
	EndGlobalSection
	GlobalSection(ProjectConfigurationPlatforms) = postSolution
		{278662B4-FEA4-4E31-AB62-F5181429D125}.Debug|Any CPU.ActiveCfg = Debug|Any CPU
		{278662B4-FEA4-4E31-AB62-F5181429D125}.Debug|Any CPU.Build.0 = Debug|Any CPU
		{278662B4-FEA4-4E31-AB62-F5181429D125}.Release|Any CPU.ActiveCfg = Release|Any CPU
		{278662B4-FEA4-4E31-AB62-F5181429D125}.Release|Any CPU.Build.0 = Release|Any CPU
	EndGlobalSection
	GlobalSection(SolutionProperties) = preSolution
		HideSolutionNode = FALSE
	EndGlobalSection
	GlobalSection(ExtensibilityGlobals) = postSolution
		SolutionGuid = {B35FD738-E937-47F2-A502-B7FF66412146}
	EndGlobalSection
EndGlobal
