
Microsoft Visual Studio Solution File, Format Version 12.00
# Visual Studio 15
VisualStudioVersion = 15.0.27004.2009
MinimumVisualStudioVersion = 10.0.40219.1
Project("{FAE04EC0-301F-11D3-BF4B-00C04F79EFBC}") = "Excercise-8", "Excercise-8\Excercise-8.csproj", "{B69C422A-E9A7-4204-AEB7-24A5150F9B6C}"
EndProject
Global
	GlobalSection(SolutionConfigurationPlatforms) = preSolution
		Debug|Any CPU = Debug|Any CPU
		Release|Any CPU = Release|Any CPU
	EndGlobalSection
	GlobalSection(ProjectConfigurationPlatforms) = postSolution
		{B69C422A-E9A7-4204-AEB7-24A5150F9B6C}.Debug|Any CPU.ActiveCfg = Debug|Any CPU
		{B69C422A-E9A7-4204-AEB7-24A5150F9B6C}.Debug|Any CPU.Build.0 = Debug|Any CPU
		{B69C422A-E9A7-4204-AEB7-24A5150F9B6C}.Release|Any CPU.ActiveCfg = Release|Any CPU
		{B69C422A-E9A7-4204-AEB7-24A5150F9B6C}.Release|Any CPU.Build.0 = Release|Any CPU
	EndGlobalSection
	GlobalSection(SolutionProperties) = preSolution
		HideSolutionNode = FALSE
	EndGlobalSection
	GlobalSection(ExtensibilityGlobals) = postSolution
		SolutionGuid = {6C51511D-B514-4482-913C-46ED3061FD2B}
	EndGlobalSection
EndGlobal
