
Microsoft Visual Studio Solution File, Format Version 12.00
# Visual Studio 15
VisualStudioVersion = 15.0.27004.2009
MinimumVisualStudioVersion = 10.0.40219.1
Project("{FAE04EC0-301F-11D3-BF4B-00C04F79EFBC}") = "PrintBigger", "PrintBigger\PrintBigger.csproj", "{FA61901C-E10D-4F8F-8D9D-ED16B449A252}"
EndProject
Global
	GlobalSection(SolutionConfigurationPlatforms) = preSolution
		Debug|Any CPU = Debug|Any CPU
		Release|Any CPU = Release|Any CPU
	EndGlobalSection
	GlobalSection(ProjectConfigurationPlatforms) = postSolution
		{FA61901C-E10D-4F8F-8D9D-ED16B449A252}.Debug|Any CPU.ActiveCfg = Debug|Any CPU
		{FA61901C-E10D-4F8F-8D9D-ED16B449A252}.Debug|Any CPU.Build.0 = Debug|Any CPU
		{FA61901C-E10D-4F8F-8D9D-ED16B449A252}.Release|Any CPU.ActiveCfg = Release|Any CPU
		{FA61901C-E10D-4F8F-8D9D-ED16B449A252}.Release|Any CPU.Build.0 = Release|Any CPU
	EndGlobalSection
	GlobalSection(SolutionProperties) = preSolution
		HideSolutionNode = FALSE
	EndGlobalSection
	GlobalSection(ExtensibilityGlobals) = postSolution
		SolutionGuid = {C185CE19-58E3-4AAC-9D25-6D423135B526}
	EndGlobalSection
EndGlobal
