
Microsoft Visual Studio Solution File, Format Version 12.00
# Visual Studio 15
VisualStudioVersion = 15.0.27004.2009
MinimumVisualStudioVersion = 10.0.40219.1
Project("{FAE04EC0-301F-11D3-BF4B-00C04F79EFBC}") = "String1", "String1\String1.csproj", "{A94E1BC6-15CD-4F29-81E1-8B3545AC9FE0}"
EndProject
Global
	GlobalSection(SolutionConfigurationPlatforms) = preSolution
		Debug|Any CPU = Debug|Any CPU
		Release|Any CPU = Release|Any CPU
	EndGlobalSection
	GlobalSection(ProjectConfigurationPlatforms) = postSolution
		{A94E1BC6-15CD-4F29-81E1-8B3545AC9FE0}.Debug|Any CPU.ActiveCfg = Debug|Any CPU
		{A94E1BC6-15CD-4F29-81E1-8B3545AC9FE0}.Debug|Any CPU.Build.0 = Debug|Any CPU
		{A94E1BC6-15CD-4F29-81E1-8B3545AC9FE0}.Release|Any CPU.ActiveCfg = Release|Any CPU
		{A94E1BC6-15CD-4F29-81E1-8B3545AC9FE0}.Release|Any CPU.Build.0 = Release|Any CPU
	EndGlobalSection
	GlobalSection(SolutionProperties) = preSolution
		HideSolutionNode = FALSE
	EndGlobalSection
	GlobalSection(ExtensibilityGlobals) = postSolution
		SolutionGuid = {B2A8F1AD-4CE8-4B8A-B811-E3A1BBF00022}
	EndGlobalSection
EndGlobal
