
Microsoft Visual Studio Solution File, Format Version 12.00
# Visual Studio 15
VisualStudioVersion = 15.0.27004.2009
MinimumVisualStudioVersion = 10.0.40219.1
Project("{FAE04EC0-301F-11D3-BF4B-00C04F79EFBC}") = "ToDoPrint", "ToDoPrint\ToDoPrint.csproj", "{948F2F34-A513-4D50-816C-F3DB4F64536A}"
EndProject
Global
	GlobalSection(SolutionConfigurationPlatforms) = preSolution
		Debug|Any CPU = Debug|Any CPU
		Release|Any CPU = Release|Any CPU
	EndGlobalSection
	GlobalSection(ProjectConfigurationPlatforms) = postSolution
		{948F2F34-A513-4D50-816C-F3DB4F64536A}.Debug|Any CPU.ActiveCfg = Debug|Any CPU
		{948F2F34-A513-4D50-816C-F3DB4F64536A}.Debug|Any CPU.Build.0 = Debug|Any CPU
		{948F2F34-A513-4D50-816C-F3DB4F64536A}.Release|Any CPU.ActiveCfg = Release|Any CPU
		{948F2F34-A513-4D50-816C-F3DB4F64536A}.Release|Any CPU.Build.0 = Release|Any CPU
	EndGlobalSection
	GlobalSection(SolutionProperties) = preSolution
		HideSolutionNode = FALSE
	EndGlobalSection
	GlobalSection(ExtensibilityGlobals) = postSolution
		SolutionGuid = {117741F4-566F-4DE0-A73C-9F03C6DED4F3}
	EndGlobalSection
EndGlobal
