
Microsoft Visual Studio Solution File, Format Version 12.00
# Visual Studio 15
VisualStudioVersion = 15.0.27004.2009
MinimumVisualStudioVersion = 10.0.40219.1
Project("{FAE04EC0-301F-11D3-BF4B-00C04F79EFBC}") = "Bunny2", "Bunny2\Bunny2.csproj", "{BD1EC511-25D1-4471-831B-A1C2E1B05BCD}"
EndProject
Global
	GlobalSection(SolutionConfigurationPlatforms) = preSolution
		Debug|Any CPU = Debug|Any CPU
		Release|Any CPU = Release|Any CPU
	EndGlobalSection
	GlobalSection(ProjectConfigurationPlatforms) = postSolution
		{BD1EC511-25D1-4471-831B-A1C2E1B05BCD}.Debug|Any CPU.ActiveCfg = Debug|Any CPU
		{BD1EC511-25D1-4471-831B-A1C2E1B05BCD}.Debug|Any CPU.Build.0 = Debug|Any CPU
		{BD1EC511-25D1-4471-831B-A1C2E1B05BCD}.Release|Any CPU.ActiveCfg = Release|Any CPU
		{BD1EC511-25D1-4471-831B-A1C2E1B05BCD}.Release|Any CPU.Build.0 = Release|Any CPU
	EndGlobalSection
	GlobalSection(SolutionProperties) = preSolution
		HideSolutionNode = FALSE
	EndGlobalSection
	GlobalSection(ExtensibilityGlobals) = postSolution
		SolutionGuid = {8FC170AB-3FC7-415E-A3E4-D8BCA744ED5B}
	EndGlobalSection
EndGlobal
