
Microsoft Visual Studio Solution File, Format Version 12.00
# Visual Studio 15
VisualStudioVersion = 15.0.27004.2009
MinimumVisualStudioVersion = 10.0.40219.1
Project("{FAE04EC0-301F-11D3-BF4B-00C04F79EFBC}") = "Excercise-12", "Excercise-12\Excercise-12.csproj", "{7C5CA98E-A64B-4C4C-93B5-D18D9570F6BB}"
EndProject
Global
	GlobalSection(SolutionConfigurationPlatforms) = preSolution
		Debug|Any CPU = Debug|Any CPU
		Release|Any CPU = Release|Any CPU
	EndGlobalSection
	GlobalSection(ProjectConfigurationPlatforms) = postSolution
		{7C5CA98E-A64B-4C4C-93B5-D18D9570F6BB}.Debug|Any CPU.ActiveCfg = Debug|Any CPU
		{7C5CA98E-A64B-4C4C-93B5-D18D9570F6BB}.Debug|Any CPU.Build.0 = Debug|Any CPU
		{7C5CA98E-A64B-4C4C-93B5-D18D9570F6BB}.Release|Any CPU.ActiveCfg = Release|Any CPU
		{7C5CA98E-A64B-4C4C-93B5-D18D9570F6BB}.Release|Any CPU.Build.0 = Release|Any CPU
	EndGlobalSection
	GlobalSection(SolutionProperties) = preSolution
		HideSolutionNode = FALSE
	EndGlobalSection
	GlobalSection(ExtensibilityGlobals) = postSolution
		SolutionGuid = {902733B5-69DF-4F6B-BFE4-27A178865529}
	EndGlobalSection
EndGlobal
