
Microsoft Visual Studio Solution File, Format Version 12.00
# Visual Studio 15
VisualStudioVersion = 15.0.27004.2009
MinimumVisualStudioVersion = 10.0.40219.1
Project("{FAE04EC0-301F-11D3-BF4B-00C04F79EFBC}") = "TwoNumbers", "TwoNumbers\TwoNumbers.csproj", "{E223D034-933B-4EE4-BC46-D77F30DA70B9}"
EndProject
Global
	GlobalSection(SolutionConfigurationPlatforms) = preSolution
		Debug|Any CPU = Debug|Any CPU
		Release|Any CPU = Release|Any CPU
	EndGlobalSection
	GlobalSection(ProjectConfigurationPlatforms) = postSolution
		{E223D034-933B-4EE4-BC46-D77F30DA70B9}.Debug|Any CPU.ActiveCfg = Debug|Any CPU
		{E223D034-933B-4EE4-BC46-D77F30DA70B9}.Debug|Any CPU.Build.0 = Debug|Any CPU
		{E223D034-933B-4EE4-BC46-D77F30DA70B9}.Release|Any CPU.ActiveCfg = Release|Any CPU
		{E223D034-933B-4EE4-BC46-D77F30DA70B9}.Release|Any CPU.Build.0 = Release|Any CPU
	EndGlobalSection
	GlobalSection(SolutionProperties) = preSolution
		HideSolutionNode = FALSE
	EndGlobalSection
	GlobalSection(ExtensibilityGlobals) = postSolution
		SolutionGuid = {A97834F3-B734-4FFE-BD37-44000F4D5063}
	EndGlobalSection
EndGlobal
